
Microsoft Visual Studio Solution File, Format Version 9.00
# Visual Studio 2005
Project("{FAE04EC0-301F-11D3-BF4B-00C04F79EFBC}") = "LindenmayerSystem", "LindenmayerSystem\LindenmayerSystem.csproj", "{AC73F0C6-6C0A-49CA-94D3-63A8F0A89E3D}"
EndProject
Project("{FAE04EC0-301F-11D3-BF4B-00C04F79EFBC}") = "LindenmayerSystemTest", "LindenmayerSystemTest\LindenmayerSystemTest.csproj", "{870A00F3-7CCE-47E2-B976-62ED4F1B5992}"
EndProject
Global
	GlobalSection(SolutionConfigurationPlatforms) = preSolution
		Debug|Any CPU = Debug|Any CPU
		Release|Any CPU = Release|Any CPU
	EndGlobalSection
	GlobalSection(ProjectConfigurationPlatforms) = postSolution
		{870A00F3-7CCE-47E2-B976-62ED4F1B5992}.Debug|Any CPU.ActiveCfg = Debug|Any CPU
		{870A00F3-7CCE-47E2-B976-62ED4F1B5992}.Debug|Any CPU.Build.0 = Debug|Any CPU
		{870A00F3-7CCE-47E2-B976-62ED4F1B5992}.Release|Any CPU.ActiveCfg = Release|Any CPU
		{870A00F3-7CCE-47E2-B976-62ED4F1B5992}.Release|Any CPU.Build.0 = Release|Any CPU
		{AC73F0C6-6C0A-49CA-94D3-63A8F0A89E3D}.Debug|Any CPU.ActiveCfg = Debug|Any CPU
		{AC73F0C6-6C0A-49CA-94D3-63A8F0A89E3D}.Debug|Any CPU.Build.0 = Debug|Any CPU
		{AC73F0C6-6C0A-49CA-94D3-63A8F0A89E3D}.Release|Any CPU.ActiveCfg = Release|Any CPU
		{AC73F0C6-6C0A-49CA-94D3-63A8F0A89E3D}.Release|Any CPU.Build.0 = Release|Any CPU
	EndGlobalSection
	GlobalSection(MonoDevelopProperties) = preSolution
		StartupItem = LindenmayerSystemTest\LindenmayerSystemTest.csproj
	EndGlobalSection
EndGlobal
